
Microsoft Visual Studio Solution File, Format Version 12.00
# Visual Studio Version 17
VisualStudioVersion = 17.11.35222.181
MinimumVisualStudioVersion = 10.0.40219.1
Project("{9A19103F-16F7-4668-BE54-9A1E7A4F7556}") = "TrabalhoUGB", "TrabalhoUGB\TrabalhoUGB.csproj", "{EDEA69D8-F5CC-4DD5-8ABC-BD7ECB9BA64E}"
EndProject
Project("{FAE04EC0-301F-11D3-BF4B-00C04F79EFBC}") = "TesteProjectUgb", "TesteProjectUgb\TesteProjectUgb.csproj", "{6EAFF0DF-0FA7-4A6A-B632-B2287ED10092}"
EndProject
Global
	GlobalSection(SolutionConfigurationPlatforms) = preSolution
		Debug|Any CPU = Debug|Any CPU
		Release|Any CPU = Release|Any CPU
	EndGlobalSection
	GlobalSection(ProjectConfigurationPlatforms) = postSolution
		{EDEA69D8-F5CC-4DD5-8ABC-BD7ECB9BA64E}.Debug|Any CPU.ActiveCfg = Debug|Any CPU
		{EDEA69D8-F5CC-4DD5-8ABC-BD7ECB9BA64E}.Debug|Any CPU.Build.0 = Debug|Any CPU
		{EDEA69D8-F5CC-4DD5-8ABC-BD7ECB9BA64E}.Release|Any CPU.ActiveCfg = Release|Any CPU
		{EDEA69D8-F5CC-4DD5-8ABC-BD7ECB9BA64E}.Release|Any CPU.Build.0 = Release|Any CPU
		{6EAFF0DF-0FA7-4A6A-B632-B2287ED10092}.Debug|Any CPU.ActiveCfg = Debug|Any CPU
		{6EAFF0DF-0FA7-4A6A-B632-B2287ED10092}.Debug|Any CPU.Build.0 = Debug|Any CPU
		{6EAFF0DF-0FA7-4A6A-B632-B2287ED10092}.Release|Any CPU.ActiveCfg = Release|Any CPU
		{6EAFF0DF-0FA7-4A6A-B632-B2287ED10092}.Release|Any CPU.Build.0 = Release|Any CPU
	EndGlobalSection
	GlobalSection(SolutionProperties) = preSolution
		HideSolutionNode = FALSE
	EndGlobalSection
	GlobalSection(ExtensibilityGlobals) = postSolution
		SolutionGuid = {49036ECA-3674-4352-BB71-36BDAC7A7C4E}
	EndGlobalSection
EndGlobal
